{
    "_readme": [
        "This file locks the dependencies of your project to a known state",
        "Read more about it at https://getcomposer.org/doc/01-basic-usage.md#composer-lock-the-lock-file",
        "This file is @generated automatically"
    ],
    "hash": "cdcc79b1a0d69d5d6ae29ae8f534309c",
    "content-hash": "a802f8b17e00fc9f208aaff9255e09c7",
    "packages": [
        {
            "name": "phpish/http",
            "version": "dev-master",
            "source": {
                "type": "git",
                "url": "https://github.com/phpish/http.git",
                "reference": "bd6f604a2629687ebdcb637715d8ed571e6b3d1a"
            },
            "dist": {
                "type": "zip",
                "url": "https://api.github.com/repos/phpish/http/zipball/bd6f604a2629687ebdcb637715d8ed571e6b3d1a",
                "reference": "bd6f604a2629687ebdcb637715d8ed571e6b3d1a",
                "shasum": ""
            },
            "require": {
                "php": ">=5.3.0"
            },
            "type": "library",
            "autoload": {
                "files": [
                    "http.php"
                ]
            },
            "notification-url": "https://packagist.org/downloads/",
            "license": [
                "MIT"
            ],
            "authors": [
                {
                    "name": "Sandeep Shetty",
                    "email": "sandeep.shetty@gmail.com",
                    "homepage": "http://sandeep.shetty.in"
                }
            ],
            "description": "Convenience wrapper around cURL",
            "homepage": "https://github.com/phpish/http",
            "keywords": [
                "api",
                "curl",
                "http"
            ],
            "time": "2014-11-23 23:33:44"
        },
        {
            "name": "phpish/shopify",
            "version": "dev-master",
            "source": {
                "type": "git",
                "url": "https://github.com/phpish/shopify.git",
                "reference": "b98448e90ccc47a2893a95e07a3486dcf46d1726"
            },
            "dist": {
                "type": "zip",
                "url": "https://api.github.com/repos/phpish/shopify/zipball/b98448e90ccc47a2893a95e07a3486dcf46d1726",
                "reference": "b98448e90ccc47a2893a95e07a3486dcf46d1726",
                "shasum": ""
            },
            "require": {
                "php": ">=5.3.0",
                "phpish/http": "dev-master"
            },
            "type": "library",
            "autoload": {
                "files": [
                    "shopify.php"
                ]
            },
            "notification-url": "https://packagist.org/downloads/",
            "license": [
                "MIT"
            ],
            "authors": [
                {
                    "name": "Sandeep Shetty",
                    "email": "sandeep.shetty@gmail.com",
                    "homepage": "http://sandeep.shetty.in"
                }
            ],
            "description": "Simple Shopify API client in PHP",
            "homepage": "https://github.com/phpish/shopify",
            "keywords": [
                "api",
                "shopify"
            ],
            "time": "2014-12-10 12:52:10"
        }
    ],
    "packages-dev": [],
    "aliases": [],
    "minimum-stability": "dev",
    "stability-flags": {
        "phpish/shopify": 20
    },
    "prefer-stable": false,
    "prefer-lowest": false,
    "platform": {
        "php": ">=5.3.0"
    },
    "platform-dev": []
}
